
Microsoft Visual Studio Solution File, Format Version 12.00
# Visual Studio Version 17
VisualStudioVersion = 17.8.34330.188
MinimumVisualStudioVersion = 10.0.40219.1
Project("{FAE04EC0-301F-11D3-BF4B-00C04F79EFBC}") = "PolishNotation", "PolishNotation\PolishNotation.csproj", "{4CD19140-6B36-4794-85F5-84A7C71E0718}"
EndProject
Global
	GlobalSection(SolutionConfigurationPlatforms) = preSolution
		Debug|Any CPU = Debug|Any CPU
		Release|Any CPU = Release|Any CPU
	EndGlobalSection
	GlobalSection(ProjectConfigurationPlatforms) = postSolution
		{4CD19140-6B36-4794-85F5-84A7C71E0718}.Debug|Any CPU.ActiveCfg = Debug|Any CPU
		{4CD19140-6B36-4794-85F5-84A7C71E0718}.Debug|Any CPU.Build.0 = Debug|Any CPU
		{4CD19140-6B36-4794-85F5-84A7C71E0718}.Release|Any CPU.ActiveCfg = Release|Any CPU
		{4CD19140-6B36-4794-85F5-84A7C71E0718}.Release|Any CPU.Build.0 = Release|Any CPU
	EndGlobalSection
	GlobalSection(SolutionProperties) = preSolution
		HideSolutionNode = FALSE
	EndGlobalSection
	GlobalSection(ExtensibilityGlobals) = postSolution
		SolutionGuid = {6D24CB49-7D56-43FE-99DD-BFAAD8F5A5F3}
	EndGlobalSection
EndGlobal
